
Microsoft Visual Studio Solution File, Format Version 12.00
# Visual Studio 15
VisualStudioVersion = 15.0.28010.2048
MinimumVisualStudioVersion = 10.0.40219.1
Project("{FAE04EC0-301F-11D3-BF4B-00C04F79EFBC}") = "MediaLibrary", "MediaLibrary\MediaLibrary.csproj", "{75A78CD5-9B9C-4F34-93AF-6EDFD4115333}"
EndProject
Project("{FAE04EC0-301F-11D3-BF4B-00C04F79EFBC}") = "MediaLibraryTest", "MediaLibraryTest\MediaLibraryTest.csproj", "{2C4841CB-5E84-4EC9-BB65-7CC94CB9123E}"
EndProject
Global
	GlobalSection(SolutionConfigurationPlatforms) = preSolution
		Debug|Any CPU = Debug|Any CPU
		Release|Any CPU = Release|Any CPU
	EndGlobalSection
	GlobalSection(ProjectConfigurationPlatforms) = postSolution
		{75A78CD5-9B9C-4F34-93AF-6EDFD4115333}.Debug|Any CPU.ActiveCfg = Debug|Any CPU
		{75A78CD5-9B9C-4F34-93AF-6EDFD4115333}.Debug|Any CPU.Build.0 = Debug|Any CPU
		{75A78CD5-9B9C-4F34-93AF-6EDFD4115333}.Release|Any CPU.ActiveCfg = Release|Any CPU
		{75A78CD5-9B9C-4F34-93AF-6EDFD4115333}.Release|Any CPU.Build.0 = Release|Any CPU
		{2C4841CB-5E84-4EC9-BB65-7CC94CB9123E}.Debug|Any CPU.ActiveCfg = Debug|Any CPU
		{2C4841CB-5E84-4EC9-BB65-7CC94CB9123E}.Debug|Any CPU.Build.0 = Debug|Any CPU
		{2C4841CB-5E84-4EC9-BB65-7CC94CB9123E}.Release|Any CPU.ActiveCfg = Release|Any CPU
		{2C4841CB-5E84-4EC9-BB65-7CC94CB9123E}.Release|Any CPU.Build.0 = Release|Any CPU
	EndGlobalSection
	GlobalSection(SolutionProperties) = preSolution
		HideSolutionNode = FALSE
	EndGlobalSection
	GlobalSection(ExtensibilityGlobals) = postSolution
		SolutionGuid = {D2690A98-FBEC-49AA-8BE7-31A6D021AF46}
	EndGlobalSection
EndGlobal
